
Microsoft Visual Studio Solution File, Format Version 12.00
# Visual Studio Version 17
VisualStudioVersion = 17.4.33213.308
MinimumVisualStudioVersion = 10.0.40219.1
Project("{FAE04EC0-301F-11D3-BF4B-00C04F79EFBC}") = "FarmTogetherUnlocker", "FarmTogetherUnlocker\FarmTogetherUnlocker.csproj", "{5CC4A0C2-DC0C-4320-B310-7A793501177D}"
EndProject
Global
	GlobalSection(SolutionConfigurationPlatforms) = preSolution
		Debug|Any CPU = Debug|Any CPU
		Release|Any CPU = Release|Any CPU
	EndGlobalSection
	GlobalSection(ProjectConfigurationPlatforms) = postSolution
		{5CC4A0C2-DC0C-4320-B310-7A793501177D}.Debug|Any CPU.ActiveCfg = Debug|Any CPU
		{5CC4A0C2-DC0C-4320-B310-7A793501177D}.Debug|Any CPU.Build.0 = Debug|Any CPU
		{5CC4A0C2-DC0C-4320-B310-7A793501177D}.Release|Any CPU.ActiveCfg = Release|Any CPU
		{5CC4A0C2-DC0C-4320-B310-7A793501177D}.Release|Any CPU.Build.0 = Release|Any CPU
	EndGlobalSection
	GlobalSection(SolutionProperties) = preSolution
		HideSolutionNode = FALSE
	EndGlobalSection
	GlobalSection(ExtensibilityGlobals) = postSolution
		SolutionGuid = {8A6D2470-FC42-4DE4-A2FB-C3498EDE56B1}
	EndGlobalSection
EndGlobal
